<?xml version="1.0" encoding="utf-8"?>
<Project ToolsVersion="4.0" xmlns="http://schemas.microsoft.com/developer/msbuild/2003">
  <ItemGroup>
    <Filter Include="Source Files">
      <UniqueIdentifier>{f5be2dc1-e693-4c7f-a62a-ac6fc302b84b}</UniqueIdentifier>
      <Extensions>cpp;c;cxx;def;odl;idl;hpj;bat;asm</Extensions>
    </Filter>
    <Filter Include="Header Files">
      <UniqueIdentifier>{fc79e92c-d69c-4e9c-a73d-57dc0ee6b9e0}</UniqueIdentifier>
      <Extensions>h;hpp;hxx;hm;inl;inc</Extensions>
    </Filter>
    <Filter Include="Resource Files">
      <UniqueIdentifier>{6bf900eb-625f-4e82-8991-79094bafa92f}</UniqueIdentifier>
      <Extensions>rc;ico;cur;bmp;dlg;rc2;rct;bin;rgs;jpg;jpeg;jpe;manifest</Extensions>
    </Filter>
  </ItemGroup>
  <ItemGroup>
    <ClCompile Include="Accounts.cpp">
      <Filter>Source Files</Filter>
    </ClCompile>
    <ClCompile Include="antidebuggers.cpp">
      <Filter>Source Files</Filter>
    </ClCompile>
    <ClCompile Include="BigNumber.cpp">
      <Filter>Source Files</Filter>
    </ClCompile>
    <ClCompile Include="Debug.cpp">
      <Filter>Source Files</Filter>
    </ClCompile>
    <ClCompile Include="Realm List Server.cpp">
      <Filter>Source Files</Filter>
    </ClCompile>
    <ClCompile Include="Realm List ServerDlg.cpp">
      <Filter>Source Files</Filter>
    </ClCompile>
    <ClCompile Include="RealmListServer.cpp">
      <Filter>Source Files</Filter>
    </ClCompile>
    <ClCompile Include="RealmVerifier.cpp">
      <Filter>Source Files</Filter>
    </ClCompile>
    <ClCompile Include="Sha1.cpp">
      <Filter>Source Files</Filter>
    </ClCompile>
    <ClCompile Include="SystemTray.cpp">
      <Filter>Source Files</Filter>
    </ClCompile>
    <ClCompile Include="UDPSocket.cpp">
      <Filter>Source Files</Filter>
    </ClCompile>
    <ClCompile Include="WinSocket.cpp">
      <Filter>Source Files</Filter>
    </ClCompile>
  </ItemGroup>
  <ItemGroup>
    <ClInclude Include="Accounts.h">
      <Filter>Header Files</Filter>
    </ClInclude>
    <ClInclude Include="antidebuggers.h">
      <Filter>Header Files</Filter>
    </ClInclude>
    <ClInclude Include="BigNumber.h">
      <Filter>Header Files</Filter>
    </ClInclude>
    <ClInclude Include="Debug.h">
      <Filter>Header Files</Filter>
    </ClInclude>
    <ClInclude Include="Index.h">
      <Filter>Header Files</Filter>
    </ClInclude>
    <ClInclude Include="MFCThreading.h">
      <Filter>Header Files</Filter>
    </ClInclude>
    <ClInclude Include="Realm List Server.h">
      <Filter>Header Files</Filter>
    </ClInclude>
    <ClInclude Include="Realm List ServerDlg.h">
      <Filter>Header Files</Filter>
    </ClInclude>
    <ClInclude Include="RealmListServer.h">
      <Filter>Header Files</Filter>
    </ClInclude>
    <ClInclude Include="RealmVerifier.h">
      <Filter>Header Files</Filter>
    </ClInclude>
    <ClInclude Include="Resource.h">
      <Filter>Header Files</Filter>
    </ClInclude>
    <ClInclude Include="openssl\sha.h">
      <Filter>Header Files</Filter>
    </ClInclude>
    <ClInclude Include="stdafx.h">
      <Filter>Header Files</Filter>
    </ClInclude>
    <ClInclude Include="SystemTray.h">
      <Filter>Header Files</Filter>
    </ClInclude>
    <ClInclude Include="Threading.h">
      <Filter>Header Files</Filter>
    </ClInclude>
    <ClInclude Include="UDPSocket.h">
      <Filter>Header Files</Filter>
    </ClInclude>
    <ClInclude Include="UnixThreading.h">
      <Filter>Header Files</Filter>
    </ClInclude>
    <ClInclude Include="WinSocket.h">
      <Filter>Header Files</Filter>
    </ClInclude>
    <ClInclude Include="WinThreading.h">
      <Filter>Header Files</Filter>
    </ClInclude>
  </ItemGroup>
  <ItemGroup>
    <Image Include="res\Realm List Server.ico">
      <Filter>Resource Files</Filter>
    </Image>
  </ItemGroup>
  <ItemGroup>
    <ResourceCompile Include="Realm List Server.rc">
      <Filter>Resource Files</Filter>
    </ResourceCompile>
  </ItemGroup>
  <ItemGroup>
    <None Include="res\Realm List Server.rc2">
      <Filter>Resource Files</Filter>
    </None>
  </ItemGroup>
  <ItemGroup>
    <CustomBuild Include="res\Realm List Server.manifest">
      <Filter>Resource Files</Filter>
    </CustomBuild>
  </ItemGroup>
</Project>