<?xml version="1.0" encoding="utf-8"?>
<Project ToolsVersion="4.0" xmlns="http://schemas.microsoft.com/developer/msbuild/2003">
  <ItemGroup>
    <Filter Include="Header Files">
      <UniqueIdentifier>{1021f8cb-ad26-4bf6-9f77-f6a7ca4b213b}</UniqueIdentifier>
      <Extensions>h;hpp;hxx;hm;inl;inc</Extensions>
    </Filter>
    <Filter Include="Header Files\Base">
      <UniqueIdentifier>{7e72ba59-bd38-497b-b53f-9044a20cffaf}</UniqueIdentifier>
    </Filter>
    <Filter Include="Header Files\Mainapp">
      <UniqueIdentifier>{5860b750-db57-4681-ae72-998b425cd88d}</UniqueIdentifier>
    </Filter>
    <Filter Include="Resource Files">
      <UniqueIdentifier>{323743eb-fc18-488a-9305-2f353780c8bd}</UniqueIdentifier>
      <Extensions>rc;ico;cur;bmp;dlg;rc2;rct;bin;rgs;jpg;jpeg;jpe;manifest</Extensions>
    </Filter>
    <Filter Include="Source Files">
      <UniqueIdentifier>{0badcf19-81d4-41a4-b75f-a1c1641d5e3b}</UniqueIdentifier>
      <Extensions>cpp;c;cxx;def;odl;idl;hpj;bat;asm</Extensions>
    </Filter>
    <Filter Include="Source Files\MainApp">
      <UniqueIdentifier>{2795b297-4fd4-4475-8ccc-264f670775dc}</UniqueIdentifier>
    </Filter>
    <Filter Include="Source Files\Base">
      <UniqueIdentifier>{b81a9417-f907-4122-af7a-ff5968a59604}</UniqueIdentifier>
    </Filter>
  </ItemGroup>
  <ItemGroup>
    <ClInclude Include="Account.h">
      <Filter>Header Files</Filter>
    </ClInclude>
    <ClInclude Include="AuctionHouse.h">
      <Filter>Header Files</Filter>
    </ClInclude>
    <ClInclude Include="AuraHandler.h">
      <Filter>Header Files</Filter>
    </ClInclude>
    <ClInclude Include="ChatManager.h">
      <Filter>Header Files</Filter>
    </ClInclude>
    <ClInclude Include="Client.h">
      <Filter>Header Files</Filter>
    </ClInclude>
    <ClInclude Include="ConsoleInterface.h">
      <Filter>Header Files</Filter>
    </ClInclude>
    <ClInclude Include="Corpse.h">
      <Filter>Header Files</Filter>
    </ClInclude>
    <ClInclude Include="Creature.h">
      <Filter>Header Files</Filter>
    </ClInclude>
    <ClInclude Include="CreatureTemplate.h">
      <Filter>Header Files</Filter>
    </ClInclude>
    <ClInclude Include="DataBuffer.h">
      <Filter>Header Files</Filter>
    </ClInclude>
    <ClInclude Include="DataManager.h">
      <Filter>Header Files</Filter>
    </ClInclude>
    <ClInclude Include="dbc_structs.h">
      <Filter>Header Files</Filter>
    </ClInclude>
    <ClInclude Include="DBCHandler.h">
      <Filter>Header Files</Filter>
    </ClInclude>
    <ClInclude Include="Debug.h">
      <Filter>Header Files</Filter>
    </ClInclude>
    <ClInclude Include="Defines.h">
      <Filter>Header Files</Filter>
    </ClInclude>
    <ClInclude Include="DefStorage.h">
      <Filter>Header Files</Filter>
    </ClInclude>
    <ClInclude Include="DynamicObject.h">
      <Filter>Header Files</Filter>
    </ClInclude>
    <ClInclude Include="Event.h">
      <Filter>Header Files</Filter>
    </ClInclude>
    <ClInclude Include="EventManager.h">
      <Filter>Header Files</Filter>
    </ClInclude>
    <ClInclude Include="FlyPath.h">
      <Filter>Header Files</Filter>
    </ClInclude>
    <ClInclude Include="GameMechanics.h">
      <Filter>Header Files</Filter>
    </ClInclude>
    <ClInclude Include="GameObject.h">
      <Filter>Header Files</Filter>
    </ClInclude>
    <ClInclude Include="GameObjectTemplate.h">
      <Filter>Header Files</Filter>
    </ClInclude>
    <ClInclude Include="Globals.h">
      <Filter>Header Files</Filter>
    </ClInclude>
    <ClInclude Include="Graveyards.h">
      <Filter>Header Files</Filter>
    </ClInclude>
    <ClInclude Include="Guild.h">
      <Filter>Header Files</Filter>
    </ClInclude>
    <ClInclude Include="Item.h">
      <Filter>Header Files</Filter>
    </ClInclude>
    <ClInclude Include="ItemTemplate.h">
      <Filter>Header Files</Filter>
    </ClInclude>
    <ClInclude Include="LootTable.h">
      <Filter>Header Files</Filter>
    </ClInclude>
    <ClInclude Include="Mail.h">
      <Filter>Header Files</Filter>
    </ClInclude>
    <ClInclude Include="MsgHandlers.h">
      <Filter>Header Files</Filter>
    </ClInclude>
    <ClInclude Include="NPCText.h">
      <Filter>Header Files</Filter>
    </ClInclude>
    <ClInclude Include="OpCodes.h">
      <Filter>Header Files</Filter>
    </ClInclude>
    <ClInclude Include="Packet.h">
      <Filter>Header Files</Filter>
    </ClInclude>
    <ClInclude Include="Packets.h">
      <Filter>Header Files</Filter>
    </ClInclude>
    <ClInclude Include="Party.h">
      <Filter>Header Files</Filter>
    </ClInclude>
    <ClInclude Include="PathGroup.h">
      <Filter>Header Files</Filter>
    </ClInclude>
    <ClInclude Include="Player.h">
      <Filter>Header Files</Filter>
    </ClInclude>
    <ClInclude Include="PPoint.h">
      <Filter>Header Files</Filter>
    </ClInclude>
    <ClInclude Include="Quest.h">
      <Filter>Header Files</Filter>
    </ClInclude>
    <ClInclude Include="QuestFunctions.h">
      <Filter>Header Files</Filter>
    </ClInclude>
    <ClInclude Include="RealmServer.h">
      <Filter>Header Files</Filter>
    </ClInclude>
    <ClInclude Include="RegionManager.h">
      <Filter>Header Files</Filter>
    </ClInclude>
    <ClInclude Include="Resource.h">
      <Filter>Header Files</Filter>
    </ClInclude>
    <ClInclude Include="RollBtn.h">
      <Filter>Header Files</Filter>
    </ClInclude>
    <ClInclude Include="SellTemplate.h">
      <Filter>Header Files</Filter>
    </ClInclude>
    <ClInclude Include="Settings.h">
      <Filter>Header Files</Filter>
    </ClInclude>
    <ClInclude Include="SpawnPoint.h">
      <Filter>Header Files</Filter>
    </ClInclude>
    <ClInclude Include="Spell.h">
      <Filter>Header Files</Filter>
    </ClInclude>
    <ClInclude Include="SpellHandler.h">
      <Filter>Header Files</Filter>
    </ClInclude>
    <ClInclude Include="stdafx.h">
      <Filter>Header Files</Filter>
    </ClInclude>
    <ClInclude Include="Structs.h">
      <Filter>Header Files</Filter>
    </ClInclude>
    <ClInclude Include="TrainerTemplate.h">
      <Filter>Header Files</Filter>
    </ClInclude>
    <ClInclude Include="TransparentStatic.h">
      <Filter>Header Files</Filter>
    </ClInclude>
    <ClInclude Include="UpdateBlock.h">
      <Filter>Header Files</Filter>
    </ClInclude>
    <ClInclude Include="UpdateFields.h">
      <Filter>Header Files</Filter>
    </ClInclude>
    <ClInclude Include="UpdateObject.h">
      <Filter>Header Files</Filter>
    </ClInclude>
    <ClInclude Include="WoWObject.h">
      <Filter>Header Files</Filter>
    </ClInclude>
    <ClInclude Include="Zone.h">
      <Filter>Header Files</Filter>
    </ClInclude>
    <ClInclude Include="Compress.h">
      <Filter>Header Files\Base</Filter>
    </ClInclude>
    <ClInclude Include="Index.h">
      <Filter>Header Files\Base</Filter>
    </ClInclude>
    <ClInclude Include="MFCThreading.h">
      <Filter>Header Files\Base</Filter>
    </ClInclude>
    <ClInclude Include="Queue.h">
      <Filter>Header Files\Base</Filter>
    </ClInclude>
    <ClInclude Include="Storage.h">
      <Filter>Header Files\Base</Filter>
    </ClInclude>
    <ClInclude Include="TCPSocket.h">
      <Filter>Header Files\Base</Filter>
    </ClInclude>
    <ClInclude Include="Threading.h">
      <Filter>Header Files\Base</Filter>
    </ClInclude>
    <ClInclude Include="UDPSocket.h">
      <Filter>Header Files\Base</Filter>
    </ClInclude>
    <ClInclude Include="UnixThreading.h">
      <Filter>Header Files\Base</Filter>
    </ClInclude>
    <ClInclude Include="WinThreading.h">
      <Filter>Header Files\Base</Filter>
    </ClInclude>
    <ClInclude Include="antidebuggers.h">
      <Filter>Header Files\Mainapp</Filter>
    </ClInclude>
    <ClInclude Include="ConsoleDlg.h">
      <Filter>Header Files\Mainapp</Filter>
    </ClInclude>
    <ClInclude Include="SendMail.h">
      <Filter>Header Files\Mainapp</Filter>
    </ClInclude>
    <ClInclude Include="SendPDlg.h">
      <Filter>Header Files\Mainapp</Filter>
    </ClInclude>
    <ClInclude Include="SystemTray.h">
      <Filter>Header Files\Mainapp</Filter>
    </ClInclude>
    <ClInclude Include="TownHall.h">
      <Filter>Header Files\Mainapp</Filter>
    </ClInclude>
    <ClInclude Include="TownHallDlg.h">
      <Filter>Header Files\Mainapp</Filter>
    </ClInclude>
  </ItemGroup>
  <ItemGroup>
    <Image Include="Btn\Console.bmp">
      <Filter>Resource Files</Filter>
    </Image>
    <Image Include="Btn\Console_f1.bmp">
      <Filter>Resource Files</Filter>
    </Image>
    <Image Include="Btn\Console_f2.bmp">
      <Filter>Resource Files</Filter>
    </Image>
    <Image Include="Btn\Console_f3.bmp">
      <Filter>Resource Files</Filter>
    </Image>
    <Image Include="Btn\Exit.bmp">
      <Filter>Resource Files</Filter>
    </Image>
    <Image Include="Btn\Exit_f1.bmp">
      <Filter>Resource Files</Filter>
    </Image>
    <Image Include="Btn\Exit_f2.bmp">
      <Filter>Resource Files</Filter>
    </Image>
    <Image Include="Btn\Exit_f3.bmp">
      <Filter>Resource Files</Filter>
    </Image>
    <Image Include="Btn\Minimize.bmp">
      <Filter>Resource Files</Filter>
    </Image>
    <Image Include="Btn\Minimize_f1.bmp">
      <Filter>Resource Files</Filter>
    </Image>
    <Image Include="Btn\Minimize_f2.bmp">
      <Filter>Resource Files</Filter>
    </Image>
    <Image Include="Btn\Minimize_f3.bmp">
      <Filter>Resource Files</Filter>
    </Image>
    <Image Include="Btn\Reload.bmp">
      <Filter>Resource Files</Filter>
    </Image>
    <Image Include="Btn\Reload_f1.bmp">
      <Filter>Resource Files</Filter>
    </Image>
    <Image Include="Btn\Reload_f2.bmp">
      <Filter>Resource Files</Filter>
    </Image>
    <Image Include="Btn\Reload_f3.bmp">
      <Filter>Resource Files</Filter>
    </Image>
    <Image Include="Btn\Save.bmp">
      <Filter>Resource Files</Filter>
    </Image>
    <Image Include="Btn\Save_f1.bmp">
      <Filter>Resource Files</Filter>
    </Image>
    <Image Include="Btn\Save_f2.bmp">
      <Filter>Resource Files</Filter>
    </Image>
    <Image Include="Btn\Save_f3.bmp">
      <Filter>Resource Files</Filter>
    </Image>
    <Image Include="Btn\SendMail.bmp">
      <Filter>Resource Files</Filter>
    </Image>
    <Image Include="Btn\SendMail_f1.bmp">
      <Filter>Resource Files</Filter>
    </Image>
    <Image Include="Btn\SendMail_f2.bmp">
      <Filter>Resource Files</Filter>
    </Image>
    <Image Include="Btn\SendMail_f3.bmp">
      <Filter>Resource Files</Filter>
    </Image>
    <Image Include="Btn\SendPkt.bmp">
      <Filter>Resource Files</Filter>
    </Image>
    <Image Include="Btn\SendPkt_f1.bmp">
      <Filter>Resource Files</Filter>
    </Image>
    <Image Include="Btn\SendPkt_f2.bmp">
      <Filter>Resource Files</Filter>
    </Image>
    <Image Include="Btn\SendPkt_f3.bmp">
      <Filter>Resource Files</Filter>
    </Image>
    <Image Include="Btn\Start.bmp">
      <Filter>Resource Files</Filter>
    </Image>
    <Image Include="Btn\Start_f1.bmp">
      <Filter>Resource Files</Filter>
    </Image>
    <Image Include="Btn\Start_f2.bmp">
      <Filter>Resource Files</Filter>
    </Image>
    <Image Include="Btn\Start_f3.bmp">
      <Filter>Resource Files</Filter>
    </Image>
    <Image Include="Btn\Stop.bmp">
      <Filter>Resource Files</Filter>
    </Image>
    <Image Include="Btn\Stop_f1.bmp">
      <Filter>Resource Files</Filter>
    </Image>
    <Image Include="Btn\Stop_f2.bmp">
      <Filter>Resource Files</Filter>
    </Image>
    <Image Include="Btn\Stop_f3.bmp">
      <Filter>Resource Files</Filter>
    </Image>
    <Image Include="res\TownHall.ico">
      <Filter>Resource Files</Filter>
    </Image>
  </ItemGroup>
  <ItemGroup>
    <ResourceCompile Include="TownHall.rc">
      <Filter>Resource Files</Filter>
    </ResourceCompile>
  </ItemGroup>
  <ItemGroup>
    <None Include="res\TownHall.rc2">
      <Filter>Resource Files</Filter>
    </None>
  </ItemGroup>
  <ItemGroup>
    <ClCompile Include="Account.cpp">
      <Filter>Source Files</Filter>
    </ClCompile>
    <ClCompile Include="AuctionHouse.cpp">
      <Filter>Source Files</Filter>
    </ClCompile>
    <ClCompile Include="AuraHandler.cpp">
      <Filter>Source Files</Filter>
    </ClCompile>
    <ClCompile Include="BigNumber.cpp">
      <Filter>Source Files</Filter>
    </ClCompile>
    <ClCompile Include="ChatManager.cpp">
      <Filter>Source Files</Filter>
    </ClCompile>
    <ClCompile Include="Client.cpp">
      <Filter>Source Files</Filter>
    </ClCompile>
    <ClCompile Include="ConsoleInterface.cpp">
      <Filter>Source Files</Filter>
    </ClCompile>
    <ClCompile Include="Corpse.cpp">
      <Filter>Source Files</Filter>
    </ClCompile>
    <ClCompile Include="Creature.cpp">
      <Filter>Source Files</Filter>
    </ClCompile>
    <ClCompile Include="CreatureTemplate.cpp">
      <Filter>Source Files</Filter>
    </ClCompile>
    <ClCompile Include="DataManager.cpp">
      <Filter>Source Files</Filter>
    </ClCompile>
    <ClCompile Include="DBCHandler.cpp">
      <Filter>Source Files</Filter>
    </ClCompile>
    <ClCompile Include="Debug.cpp">
      <Filter>Source Files</Filter>
    </ClCompile>
    <ClCompile Include="DynamicObject.cpp">
      <Filter>Source Files</Filter>
    </ClCompile>
    <ClCompile Include="Event.cpp">
      <Filter>Source Files</Filter>
    </ClCompile>
    <ClCompile Include="EventManager.cpp">
      <Filter>Source Files</Filter>
    </ClCompile>
    <ClCompile Include="GameMechanics.cpp">
      <Filter>Source Files</Filter>
    </ClCompile>
    <ClCompile Include="GameObject.cpp">
      <Filter>Source Files</Filter>
    </ClCompile>
    <ClCompile Include="GameObjectTemplate.cpp">
      <Filter>Source Files</Filter>
    </ClCompile>
    <ClCompile Include="Guild.cpp">
      <Filter>Source Files</Filter>
    </ClCompile>
    <ClCompile Include="Item.cpp">
      <Filter>Source Files</Filter>
    </ClCompile>
    <ClCompile Include="ItemTemplate.cpp">
      <Filter>Source Files</Filter>
    </ClCompile>
    <ClCompile Include="LootTable.cpp">
      <Filter>Source Files</Filter>
    </ClCompile>
    <ClCompile Include="Mail.cpp">
      <Filter>Source Files</Filter>
    </ClCompile>
    <ClCompile Include="MsgHandlers.cpp">
      <Filter>Source Files</Filter>
    </ClCompile>
    <ClCompile Include="NPCText.cpp">
      <Filter>Source Files</Filter>
    </ClCompile>
    <ClCompile Include="Packets.cpp">
      <Filter>Source Files</Filter>
    </ClCompile>
    <ClCompile Include="Party.cpp">
      <Filter>Source Files</Filter>
    </ClCompile>
    <ClCompile Include="PathGroup.cpp">
      <Filter>Source Files</Filter>
    </ClCompile>
    <ClCompile Include="Player.cpp">
      <Filter>Source Files</Filter>
    </ClCompile>
    <ClCompile Include="PPoint.cpp">
      <Filter>Source Files</Filter>
    </ClCompile>
    <ClCompile Include="Quest.cpp">
      <Filter>Source Files</Filter>
    </ClCompile>
    <ClCompile Include="QuestFunctions.cpp">
      <Filter>Source Files</Filter>
    </ClCompile>
    <ClCompile Include="RealmServer.cpp">
      <Filter>Source Files</Filter>
    </ClCompile>
    <ClCompile Include="RegionManager.cpp">
      <Filter>Source Files</Filter>
    </ClCompile>
    <ClCompile Include="RollBtn.cpp">
      <Filter>Source Files</Filter>
    </ClCompile>
    <ClCompile Include="Settings.cpp">
      <Filter>Source Files</Filter>
    </ClCompile>
    <ClCompile Include="Sha1.cpp">
      <Filter>Source Files</Filter>
    </ClCompile>
    <ClCompile Include="SpawnPoint.cpp">
      <Filter>Source Files</Filter>
    </ClCompile>
    <ClCompile Include="Spell.cpp">
      <Filter>Source Files</Filter>
    </ClCompile>
    <ClCompile Include="SpellHandler.cpp">
      <Filter>Source Files</Filter>
    </ClCompile>
    <ClCompile Include="TrainerTemplate.cpp">
      <Filter>Source Files</Filter>
    </ClCompile>
    <ClCompile Include="TransparentStatic.cpp">
      <Filter>Source Files</Filter>
    </ClCompile>
    <ClCompile Include="UpdateObject.cpp">
      <Filter>Source Files</Filter>
    </ClCompile>
    <ClCompile Include="WowCrypt.cpp">
      <Filter>Source Files</Filter>
    </ClCompile>
    <ClCompile Include="WoWObject.cpp">
      <Filter>Source Files</Filter>
    </ClCompile>
    <ClCompile Include="Zone.cpp">
      <Filter>Source Files</Filter>
    </ClCompile>
    <ClCompile Include="antidebuggers.cpp">
      <Filter>Source Files\MainApp</Filter>
    </ClCompile>
    <ClCompile Include="ConsoleDlg.cpp">
      <Filter>Source Files\MainApp</Filter>
    </ClCompile>
    <ClCompile Include="SendMail.cpp">
      <Filter>Source Files\MainApp</Filter>
    </ClCompile>
    <ClCompile Include="SendPDlg.cpp">
      <Filter>Source Files\MainApp</Filter>
    </ClCompile>
    <ClCompile Include="SystemTray.cpp">
      <Filter>Source Files\MainApp</Filter>
    </ClCompile>
    <ClCompile Include="TownHall.cpp">
      <Filter>Source Files\MainApp</Filter>
    </ClCompile>
    <ClCompile Include="TownHallDlg.cpp">
      <Filter>Source Files\MainApp</Filter>
    </ClCompile>
    <ClCompile Include="Compress.cpp">
      <Filter>Source Files\Base</Filter>
    </ClCompile>
    <ClCompile Include="TCPSocket.cpp">
      <Filter>Source Files\Base</Filter>
    </ClCompile>
    <ClCompile Include="UDPSocket.cpp">
      <Filter>Source Files\Base</Filter>
    </ClCompile>
  </ItemGroup>
  <ItemGroup>
    <CustomBuild Include="res\TownHall.manifest">
      <Filter>Resource Files</Filter>
    </CustomBuild>
  </ItemGroup>
</Project>